
Microsoft Visual Studio Solution File, Format Version 12.00
# Visual Studio Version 17
VisualStudioVersion = 17.3.32819.101
MinimumVisualStudioVersion = 10.0.40219.1
Project("{FAE04EC0-301F-11D3-BF4B-00C04F79EFBC}") = "AzureCICDDemoFunction", "AzureCICDDemoFunction\AzureCICDDemoFunction.csproj", "{679829CE-F31F-4185-9352-2A859D92BA52}"
EndProject
Global
	GlobalSection(SolutionConfigurationPlatforms) = preSolution
		Debug|Any CPU = Debug|Any CPU
		Release|Any CPU = Release|Any CPU
	EndGlobalSection
	GlobalSection(ProjectConfigurationPlatforms) = postSolution
		{679829CE-F31F-4185-9352-2A859D92BA52}.Debug|Any CPU.ActiveCfg = Debug|Any CPU
		{679829CE-F31F-4185-9352-2A859D92BA52}.Debug|Any CPU.Build.0 = Debug|Any CPU
		{679829CE-F31F-4185-9352-2A859D92BA52}.Release|Any CPU.ActiveCfg = Release|Any CPU
		{679829CE-F31F-4185-9352-2A859D92BA52}.Release|Any CPU.Build.0 = Release|Any CPU
	EndGlobalSection
	GlobalSection(SolutionProperties) = preSolution
		HideSolutionNode = FALSE
	EndGlobalSection
	GlobalSection(ExtensibilityGlobals) = postSolution
		SolutionGuid = {9157BC7A-B1E8-455C-B09B-1DD95B54FF11}
	EndGlobalSection
EndGlobal
